{
  "requires": true,
  "lockfileVersion": 1,
  "dependencies": {
    "lodash": {
      "version": "4.17.20",
      "resolved": "https://registry.npmjs.org/lodash/-/lodash-4.17.20.tgz",
      "integrity": "sha512-PlhdFcillOINfeV7Ni6oF1TAEayyZBoZ8bcshTHqOYJYlrqzRK5hagpagky5o4HfCzzd1TRkXPMFq6cKk9rGmA=="
    },
    "mychunk": {
      "version": "1.0.0",
      "resolved": "https://registry.npmjs.org/mychunk/-/mychunk-1.0.0.tgz",
      "integrity": "sha512-YDkWH+3qHI2GO5xTHO8T574nlbAzyrXo7eJPvkXqqsoEfAzxqeeqG7u9em9pHVdGEE+TxnU5OVJNWjkaWTwQaA==",
      "requires": {
        "lodash": "^4.17.20"
      }
    }
  }
}
